
Microsoft Visual Studio Solution File, Format Version 12.00
# Visual Studio Version 16
VisualStudioVersion = 16.0.31005.135
MinimumVisualStudioVersion = 10.0.40219.1
Project("{FAE04EC0-301F-11D3-BF4B-00C04F79EFBC}") = "CrudAspReact", "CrudAspReact\CrudAspReact.csproj", "{7F708742-7A10-4652-9373-58E02E29357D}"
EndProject
Global
	GlobalSection(SolutionConfigurationPlatforms) = preSolution
		Debug|Any CPU = Debug|Any CPU
		Release|Any CPU = Release|Any CPU
	EndGlobalSection
	GlobalSection(ProjectConfigurationPlatforms) = postSolution
		{7F708742-7A10-4652-9373-58E02E29357D}.Debug|Any CPU.ActiveCfg = Debug|Any CPU
		{7F708742-7A10-4652-9373-58E02E29357D}.Debug|Any CPU.Build.0 = Debug|Any CPU
		{7F708742-7A10-4652-9373-58E02E29357D}.Release|Any CPU.ActiveCfg = Release|Any CPU
		{7F708742-7A10-4652-9373-58E02E29357D}.Release|Any CPU.Build.0 = Release|Any CPU
	EndGlobalSection
	GlobalSection(SolutionProperties) = preSolution
		HideSolutionNode = FALSE
	EndGlobalSection
	GlobalSection(ExtensibilityGlobals) = postSolution
		SolutionGuid = {7F4364C2-3061-408D-A2C0-E20B455B589A}
	EndGlobalSection
EndGlobal
